// !$*UTF8*$!
{
	archiveVersion = 1;
	classes = {
	};
	objectVersion = 48;
	objects = {

/* Begin PBXBuildFile section */
		EAF67C6C1FC047CA0094C670 /* AppDelegate.swift in Sources */ = {isa = PBXBuildFile; fileRef = EAF67C6B1FC047CA0094C670 /* AppDelegate.swift */; };
		EAF67C6E1FC047CA0094C670 /* ViewController.swift in Sources */ = {isa = PBXBuildFile; fileRef = EAF67C6D1FC047CA0094C670 /* ViewController.swift */; };
		EAF67C711FC047CA0094C670 /* Main.storyboard in Resources */ = {isa = PBXBuildFile; fileRef = EAF67C6F1FC047CA0094C670 /* Main.storyboard */; };
		EAF67C731FC047CA0094C670 /* Assets.xcassets in Resources */ = {isa = PBXBuildFile; fileRef = EAF67C721FC047CA0094C670 /* Assets.xcassets */; };
		EAF67C761FC047CA0094C670 /* LaunchScreen.storyboard in Resources */ = {isa = PBXBuildFile; fileRef = EAF67C741FC047CA0094C670 /* LaunchScreen.storyboard */; };
		EAF67C811FC047CA0094C670 /* TamagotchiTests.swift in Sources */ = {isa = PBXBuildFile; fileRef = EAF67C801FC047CA0094C670 /* TamagotchiTests.swift */; };
		EAF67C8C1FC047CA0094C670 /* TamagotchiUITests.swift in Sources */ = {isa = PBXBuildFile; fileRef = EAF67C8B1FC047CA0094C670 /* TamagotchiUITests.swift */; };
		EAF67CA81FC0503A0094C670 /* Tamagotchi.swift in Sources */ = {isa = PBXBuildFile; fileRef = EAF67CA71FC0503A0094C670 /* Tamagotchi.swift */; };
/* End PBXBuildFile section */

/* Begin PBXContainerItemProxy section */
		EAF67C7D1FC047CA0094C670 /* PBXContainerItemProxy */ = {
			isa = PBXContainerItemProxy;
			containerPortal = EAF67C601FC047CA0094C670 /* Project object */;
			proxyType = 1;
			remoteGlobalIDString = EAF67C671FC047CA0094C670;
			remoteInfo = Tamagotchi;
		};
		EAF67C881FC047CA0094C670 /* PBXContainerItemProxy */ = {
			isa = PBXContainerItemProxy;
			containerPortal = EAF67C601FC047CA0094C670 /* Project object */;
			proxyType = 1;
			remoteGlobalIDString = EAF67C671FC047CA0094C670;
			remoteInfo = Tamagotchi;
		};
/* End PBXContainerItemProxy section */

/* Begin PBXFileReference section */
		EAF67C681FC047CA0094C670 /* Tamagotchi.app */ = {isa = PBXFileReference; explicitFileType = wrapper.application; includeInIndex = 0; path = Tamagotchi.app; sourceTree = BUILT_PRODUCTS_DIR; };
		EAF67C6B1FC047CA0094C670 /* AppDelegate.swift */ = {isa = PBXFileReference; lastKnownFileType = sourcecode.swift; path = AppDelegate.swift; sourceTree = "<group>"; };
		EAF67C6D1FC047CA0094C670 /* ViewController.swift */ = {isa = PBXFileReference; lastKnownFileType = sourcecode.swift; path = ViewController.swift; sourceTree = "<group>"; };
		EAF67C701FC047CA0094C670 /* Base */ = {isa = PBXFileReference; lastKnownFileType = file.storyboard; name = Base; path = Base.lproj/Main.storyboard; sourceTree = "<group>"; };
		EAF67C721FC047CA0094C670 /* Assets.xcassets */ = {isa = PBXFileReference; lastKnownFileType = folder.assetcatalog; path = Assets.xcassets; sourceTree = "<group>"; };
		EAF67C751FC047CA0094C670 /* Base */ = {isa = PBXFileReference; lastKnownFileType = file.storyboard; name = Base; path = Base.lproj/LaunchScreen.storyboard; sourceTree = "<group>"; };
		EAF67C771FC047CA0094C670 /* Info.plist */ = {isa = PBXFileReference; lastKnownFileType = text.plist.xml; path = Info.plist; sourceTree = "<group>"; };
		EAF67C7C1FC047CA0094C670 /* TamagotchiTests.xctest */ = {isa = PBXFileReference; explicitFileType = wrapper.cfbundle; includeInIndex = 0; path = TamagotchiTests.xctest; sourceTree = BUILT_PRODUCTS_DIR; };
		EAF67C801FC047CA0094C670 /* TamagotchiTests.swift */ = {isa = PBXFileReference; lastKnownFileType = sourcecode.swift; path = TamagotchiTests.swift; sourceTree = "<group>"; };
		EAF67C821FC047CA0094C670 /* Info.plist */ = {isa = PBXFileReference; lastKnownFileType = text.plist.xml; path = Info.plist; sourceTree = "<group>"; };
		EAF67C871FC047CA0094C670 /* TamagotchiUITests.xctest */ = {isa = PBXFileReference; explicitFileType = wrapper.cfbundle; includeInIndex = 0; path = TamagotchiUITests.xctest; sourceTree = BUILT_PRODUCTS_DIR; };
		EAF67C8B1FC047CA0094C670 /* TamagotchiUITests.swift */ = {isa = PBXFileReference; lastKnownFileType = sourcecode.swift; path = TamagotchiUITests.swift; sourceTree = "<group>"; };
		EAF67C8D1FC047CA0094C670 /* Info.plist */ = {isa = PBXFileReference; lastKnownFileType = text.plist.xml; path = Info.plist; sourceTree = "<group>"; };
		EAF67CA71FC0503A0094C670 /* Tamagotchi.swift */ = {isa = PBXFileReference; lastKnownFileType = sourcecode.swift; path = Tamagotchi.swift; sourceTree = "<group>"; };
/* End PBXFileReference section */

/* Begin PBXFrameworksBuildPhase section */
		EAF67C651FC047CA0094C670 /* Frameworks */ = {
			isa = PBXFrameworksBuildPhase;
			buildActionMask = 2147483647;
			files = (
			);
			runOnlyForDeploymentPostprocessing = 0;
		};
		EAF67C791FC047CA0094C670 /* Frameworks */ = {
			isa = PBXFrameworksBuildPhase;
			buildActionMask = 2147483647;
			files = (
			);
			runOnlyForDeploymentPostprocessing = 0;
		};
		EAF67C841FC047CA0094C670 /* Frameworks */ = {
			isa = PBXFrameworksBuildPhase;
			buildActionMask = 2147483647;
			files = (
			);
			runOnlyForDeploymentPostprocessing = 0;
		};
/* End PBXFrameworksBuildPhase section */

/* Begin PBXGroup section */
		EAF67C5F1FC047CA0094C670 = {
			isa = PBXGroup;
			children = (
				EAF67C6A1FC047CA0094C670 /* Tamagotchi */,
				EAF67C7F1FC047CA0094C670 /* TamagotchiTests */,
				EAF67C8A1FC047CA0094C670 /* TamagotchiUITests */,
				EAF67C691FC047CA0094C670 /* Products */,
			);
			sourceTree = "<group>";
		};
		EAF67C691FC047CA0094C670 /* Products */ = {
			isa = PBXGroup;
			children = (
				EAF67C681FC047CA0094C670 /* Tamagotchi.app */,
				EAF67C7C1FC047CA0094C670 /* TamagotchiTests.xctest */,
				EAF67C871FC047CA0094C670 /* TamagotchiUITests.xctest */,
			);
			name = Products;
			sourceTree = "<group>";
		};
		EAF67C6A1FC047CA0094C670 /* Tamagotchi */ = {
			isa = PBXGroup;
			children = (
				EAF67C6B1FC047CA0094C670 /* AppDelegate.swift */,
				EAF67C6D1FC047CA0094C670 /* ViewController.swift */,
				EAF67C6F1FC047CA0094C670 /* Main.storyboard */,
				EAF67C721FC047CA0094C670 /* Assets.xcassets */,
				EAF67C741FC047CA0094C670 /* LaunchScreen.storyboard */,
				EAF67C771FC047CA0094C670 /* Info.plist */,
				EAF67CA71FC0503A0094C670 /* Tamagotchi.swift */,
			);
			path = Tamagotchi;
			sourceTree = "<group>";
		};
		EAF67C7F1FC047CA0094C670 /* TamagotchiTests */ = {
			isa = PBXGroup;
			children = (
				EAF67C801FC047CA0094C670 /* TamagotchiTests.swift */,
				EAF67C821FC047CA0094C670 /* Info.plist */,
			);
			path = TamagotchiTests;
			sourceTree = "<group>";
		};
		EAF67C8A1FC047CA0094C670 /* TamagotchiUITests */ = {
			isa = PBXGroup;
			children = (
				EAF67C8B1FC047CA0094C670 /* TamagotchiUITests.swift */,
				EAF67C8D1FC047CA0094C670 /* Info.plist */,
			);
			path = TamagotchiUITests;
			sourceTree = "<group>";
		};
/* End PBXGroup section */

/* Begin PBXNativeTarget section */
		EAF67C671FC047CA0094C670 /* Tamagotchi */ = {
			isa = PBXNativeTarget;
			buildConfigurationList = EAF67C901FC047CA0094C670 /* Build configuration list for PBXNativeTarget "Tamagotchi" */;
			buildPhases = (
				EAF67C641FC047CA0094C670 /* Sources */,
				EAF67C651FC047CA0094C670 /* Frameworks */,
				EAF67C661FC047CA0094C670 /* Resources */,
			);
			buildRules = (
			);
			dependencies = (
			);
			name = Tamagotchi;
			productName = Tamagotchi;
			productReference = EAF67C681FC047CA0094C670 /* Tamagotchi.app */;
			productType = "com.apple.product-type.application";
		};
		EAF67C7B1FC047CA0094C670 /* TamagotchiTests */ = {
			isa = PBXNativeTarget;
			buildConfigurationList = EAF67C931FC047CA0094C670 /* Build configuration list for PBXNativeTarget "TamagotchiTests" */;
			buildPhases = (
				EAF67C781FC047CA0094C670 /* Sources */,
				EAF67C791FC047CA0094C670 /* Frameworks */,
				EAF67C7A1FC047CA0094C670 /* Resources */,
			);
			buildRules = (
			);
			dependencies = (
				EAF67C7E1FC047CA0094C670 /* PBXTargetDependency */,
			);
			name = TamagotchiTests;
			productName = TamagotchiTests;
			productReference = EAF67C7C1FC047CA0094C670 /* TamagotchiTests.xctest */;
			productType = "com.apple.product-type.bundle.unit-test";
		};
		EAF67C861FC047CA0094C670 /* TamagotchiUITests */ = {
			isa = PBXNativeTarget;
			buildConfigurationList = EAF67C961FC047CA0094C670 /* Build configuration list for PBXNativeTarget "TamagotchiUITests" */;
			buildPhases = (
				EAF67C831FC047CA0094C670 /* Sources */,
				EAF67C841FC047CA0094C670 /* Frameworks */,
				EAF67C851FC047CA0094C670 /* Resources */,
			);
			buildRules = (
			);
			dependencies = (
				EAF67C891FC047CA0094C670 /* PBXTargetDependency */,
			);
			name = TamagotchiUITests;
			productName = TamagotchiUITests;
			productReference = EAF67C871FC047CA0094C670 /* TamagotchiUITests.xctest */;
			productType = "com.apple.product-type.bundle.ui-testing";
		};
/* End PBXNativeTarget section */

/* Begin PBXProject section */
		EAF67C601FC047CA0094C670 /* Project object */ = {
			isa = PBXProject;
			attributes = {
				LastSwiftUpdateCheck = 0910;
				LastUpgradeCheck = 0910;
				ORGANIZATIONNAME = "Tiago Martinho";
				TargetAttributes = {
					EAF67C671FC047CA0094C670 = {
						CreatedOnToolsVersion = 9.1;
						ProvisioningStyle = Automatic;
					};
					EAF67C7B1FC047CA0094C670 = {
						CreatedOnToolsVersion = 9.1;
						ProvisioningStyle = Automatic;
						TestTargetID = EAF67C671FC047CA0094C670;
					};
					EAF67C861FC047CA0094C670 = {
						CreatedOnToolsVersion = 9.1;
						ProvisioningStyle = Automatic;
						TestTargetID = EAF67C671FC047CA0094C670;
					};
				};
			};
			buildConfigurationList = EAF67C631FC047CA0094C670 /* Build configuration list for PBXProject "Tamagotchi" */;
			compatibilityVersion = "Xcode 8.0";
			developmentRegion = en;
			hasScannedForEncodings = 0;
			knownRegions = (
				en,
				Base,
			);
			mainGroup = EAF67C5F1FC047CA0094C670;
			productRefGroup = EAF67C691FC047CA0094C670 /* Products */;
			projectDirPath = "";
			projectRoot = "";
			targets = (
				EAF67C671FC047CA0094C670 /* Tamagotchi */,
				EAF67C7B1FC047CA0094C670 /* TamagotchiTests */,
				EAF67C861FC047CA0094C670 /* TamagotchiUITests */,
			);
		};
/* End PBXProject section */

/* Begin PBXResourcesBuildPhase section */
		EAF67C661FC047CA0094C670 /* Resources */ = {
			isa = PBXResourcesBuildPhase;
			buildActionMask = 2147483647;
			files = (
				EAF67C761FC047CA0094C670 /* LaunchScreen.storyboard in Resources */,
				EAF67C731FC047CA0094C670 /* Assets.xcassets in Resources */,
				EAF67C711FC047CA0094C670 /* Main.storyboard in Resources */,
			);
			runOnlyForDeploymentPostprocessing = 0;
		};
		EAF67C7A1FC047CA0094C670 /* Resources */ = {
			isa = PBXResourcesBuildPhase;
			buildActionMask = 2147483647;
			files = (
			);
			runOnlyForDeploymentPostprocessing = 0;
		};
		EAF67C851FC047CA0094C670 /* Resources */ = {
			isa = PBXResourcesBuildPhase;
			buildActionMask = 2147483647;
			files = (
			);
			runOnlyForDeploymentPostprocessing = 0;
		};
/* End PBXResourcesBuildPhase section */

/* Begin PBXSourcesBuildPhase section */
		EAF67C641FC047CA0094C670 /* Sources */ = {
			isa = PBXSourcesBuildPhase;
			buildActionMask = 2147483647;
			files = (
				EAF67C6E1FC047CA0094C670 /* ViewController.swift in Sources */,
				EAF67CA81FC0503A0094C670 /* Tamagotchi.swift in Sources */,
				EAF67C6C1FC047CA0094C670 /* AppDelegate.swift in Sources */,
			);
			runOnlyForDeploymentPostprocessing = 0;
		};
		EAF67C781FC047CA0094C670 /* Sources */ = {
			isa = PBXSourcesBuildPhase;
			buildActionMask = 2147483647;
			files = (
				EAF67C811FC047CA0094C670 /* TamagotchiTests.swift in Sources */,
			);
			runOnlyForDeploymentPostprocessing = 0;
		};
		EAF67C831FC047CA0094C670 /* Sources */ = {
			isa = PBXSourcesBuildPhase;
			buildActionMask = 2147483647;
			files = (
				EAF67C8C1FC047CA0094C670 /* TamagotchiUITests.swift in Sources */,
			);
			runOnlyForDeploymentPostprocessing = 0;
		};
/* End PBXSourcesBuildPhase section */

/* Begin PBXTargetDependency section */
		EAF67C7E1FC047CA0094C670 /* PBXTargetDependency */ = {
			isa = PBXTargetDependency;
			target = EAF67C671FC047CA0094C670 /* Tamagotchi */;
			targetProxy = EAF67C7D1FC047CA0094C670 /* PBXContainerItemProxy */;
		};
		EAF67C891FC047CA0094C670 /* PBXTargetDependency */ = {
			isa = PBXTargetDependency;
			target = EAF67C671FC047CA0094C670 /* Tamagotchi */;
			targetProxy = EAF67C881FC047CA0094C670 /* PBXContainerItemProxy */;
		};
/* End PBXTargetDependency section */

/* Begin PBXVariantGroup section */
		EAF67C6F1FC047CA0094C670 /* Main.storyboard */ = {
			isa = PBXVariantGroup;
			children = (
				EAF67C701FC047CA0094C670 /* Base */,
			);
			name = Main.storyboard;
			sourceTree = "<group>";
		};
		EAF67C741FC047CA0094C670 /* LaunchScreen.storyboard */ = {
			isa = PBXVariantGroup;
			children = (
				EAF67C751FC047CA0094C670 /* Base */,
			);
			name = LaunchScreen.storyboard;
			sourceTree = "<group>";
		};
/* End PBXVariantGroup section */

/* Begin XCBuildConfiguration section */
		EAF67C8E1FC047CA0094C670 /* Debug */ = {
			isa = XCBuildConfiguration;
			buildSettings = {
				ALWAYS_SEARCH_USER_PATHS = NO;
				CLANG_ANALYZER_NONNULL = YES;
				CLANG_ANALYZER_NUMBER_OBJECT_CONVERSION = YES_AGGRESSIVE;
				CLANG_CXX_LANGUAGE_STANDARD = "gnu++14";
				CLANG_CXX_LIBRARY = "libc++";
				CLANG_ENABLE_MODULES = YES;
				CLANG_ENABLE_OBJC_ARC = YES;
				CLANG_WARN_BLOCK_CAPTURE_AUTORELEASING = YES;
				CLANG_WARN_BOOL_CONVERSION = YES;
				CLANG_WARN_COMMA = YES;
				CLANG_WARN_CONSTANT_CONVERSION = YES;
				CLANG_WARN_DIRECT_OBJC_ISA_USAGE = YES_ERROR;
				CLANG_WARN_DOCUMENTATION_COMMENTS = YES;
				CLANG_WARN_EMPTY_BODY = YES;
				CLANG_WARN_ENUM_CONVERSION = YES;
				CLANG_WARN_INFINITE_RECURSION = YES;
				CLANG_WARN_INT_CONVERSION = YES;
				CLANG_WARN_NON_LITERAL_NULL_CONVERSION = YES;
				CLANG_WARN_OBJC_LITERAL_CONVERSION = YES;
				CLANG_WARN_OBJC_ROOT_CLASS = YES_ERROR;
				CLANG_WARN_RANGE_LOOP_ANALYSIS = YES;
				CLANG_WARN_STRICT_PROTOTYPES = YES;
				CLANG_WARN_SUSPICIOUS_MOVE = YES;
				CLANG_WARN_UNGUARDED_AVAILABILITY = YES_AGGRESSIVE;
				CLANG_WARN_UNREACHABLE_CODE = YES;
				CLANG_WARN__DUPLICATE_METHOD_MATCH = YES;
				CODE_SIGN_IDENTITY = "iPhone Developer";
				COPY_PHASE_STRIP = NO;
				DEBUG_INFORMATION_FORMAT = dwarf;
				ENABLE_STRICT_OBJC_MSGSEND = YES;
				ENABLE_TESTABILITY = YES;
				GCC_C_LANGUAGE_STANDARD = gnu11;
				GCC_DYNAMIC_NO_PIC = NO;
				GCC_NO_COMMON_BLOCKS = YES;
				GCC_OPTIMIZATION_LEVEL = 0;
				GCC_PREPROCESSOR_DEFINITIONS = (
					"DEBUG=1",
					"$(inherited)",
				);
				GCC_WARN_64_TO_32_BIT_CONVERSION = YES;
				GCC_WARN_ABOUT_RETURN_TYPE = YES_ERROR;
				GCC_WARN_UNDECLARED_SELECTOR = YES;
				GCC_WARN_UNINITIALIZED_AUTOS = YES_AGGRESSIVE;
				GCC_WARN_UNUSED_FUNCTION = YES;
				GCC_WARN_UNUSED_VARIABLE = YES;
				IPHONEOS_DEPLOYMENT_TARGET = 11.1;
				MTL_ENABLE_DEBUG_INFO = YES;
				ONLY_ACTIVE_ARCH = YES;
				SDKROOT = iphoneos;
				SWIFT_ACTIVE_COMPILATION_CONDITIONS = DEBUG;
				SWIFT_OPTIMIZATION_LEVEL = "-Onone";
			};
			name = Debug;
		};
		EAF67C8F1FC047CA0094C670 /* Release */ = {
			isa = XCBuildConfiguration;
			buildSettings = {
				ALWAYS_SEARCH_USER_PATHS = NO;
				CLANG_ANALYZER_NONNULL = YES;
				CLANG_ANALYZER_NUMBER_OBJECT_CONVERSION = YES_AGGRESSIVE;
				CLANG_CXX_LANGUAGE_STANDARD = "gnu++14";
				CLANG_CXX_LIBRARY = "libc++";
				CLANG_ENABLE_MODULES = YES;
				CLANG_ENABLE_OBJC_ARC = YES;
				CLANG_WARN_BLOCK_CAPTURE_AUTORELEASING = YES;
				CLANG_WARN_BOOL_CONVERSION = YES;
				CLANG_WARN_COMMA = YES;
				CLANG_WARN_CONSTANT_CONVERSION = YES;
				CLANG_WARN_DIRECT_OBJC_ISA_USAGE = YES_ERROR;
				CLANG_WARN_DOCUMENTATION_COMMENTS = YES;
				CLANG_WARN_EMPTY_BODY = YES;
				CLANG_WARN_ENUM_CONVERSION = YES;
				CLANG_WARN_INFINITE_RECURSION = YES;
				CLANG_WARN_INT_CONVERSION = YES;
				CLANG_WARN_NON_LITERAL_NULL_CONVERSION = YES;
				CLANG_WARN_OBJC_LITERAL_CONVERSION = YES;
				CLANG_WARN_OBJC_ROOT_CLASS = YES_ERROR;
				CLANG_WARN_RANGE_LOOP_ANALYSIS = YES;
				CLANG_WARN_STRICT_PROTOTYPES = YES;
				CLANG_WARN_SUSPICIOUS_MOVE = YES;
				CLANG_WARN_UNGUARDED_AVAILABILITY = YES_AGGRESSIVE;
				CLANG_WARN_UNREACHABLE_CODE = YES;
				CLANG_WARN__DUPLICATE_METHOD_MATCH = YES;
				CODE_SIGN_IDENTITY = "iPhone Developer";
				COPY_PHASE_STRIP = NO;
				DEBUG_INFORMATION_FORMAT = "dwarf-with-dsym";
				ENABLE_NS_ASSERTIONS = NO;
				ENABLE_STRICT_OBJC_MSGSEND = YES;
				GCC_C_LANGUAGE_STANDARD = gnu11;
				GCC_NO_COMMON_BLOCKS = YES;
				GCC_WARN_64_TO_32_BIT_CONVERSION = YES;
				GCC_WARN_ABOUT_RETURN_TYPE = YES_ERROR;
				GCC_WARN_UNDECLARED_SELECTOR = YES;
				GCC_WARN_UNINITIALIZED_AUTOS = YES_AGGRESSIVE;
				GCC_WARN_UNUSED_FUNCTION = YES;
				GCC_WARN_UNUSED_VARIABLE = YES;
				IPHONEOS_DEPLOYMENT_TARGET = 11.1;
				MTL_ENABLE_DEBUG_INFO = NO;
				SDKROOT = iphoneos;
				SWIFT_OPTIMIZATION_LEVEL = "-Owholemodule";
				VALIDATE_PRODUCT = YES;
			};
			name = Release;
		};
		EAF67C911FC047CA0094C670 /* Debug */ = {
			isa = XCBuildConfiguration;
			buildSettings = {
				ASSETCATALOG_COMPILER_APPICON_NAME = AppIcon;
				CODE_SIGN_STYLE = Automatic;
				INFOPLIST_FILE = Tamagotchi/Info.plist;
				LD_RUNPATH_SEARCH_PATHS = "$(inherited) @executable_path/Frameworks";
				PRODUCT_BUNDLE_IDENTIFIER = elit.Tamagotchi;
				PRODUCT_NAME = "$(TARGET_NAME)";
				SWIFT_VERSION = 4.0;
				TARGETED_DEVICE_FAMILY = "1,2";
			};
			name = Debug;
		};
		EAF67C921FC047CA0094C670 /* Release */ = {
			isa = XCBuildConfiguration;
			buildSettings = {
				ASSETCATALOG_COMPILER_APPICON_NAME = AppIcon;
				CODE_SIGN_STYLE = Automatic;
				INFOPLIST_FILE = Tamagotchi/Info.plist;
				LD_RUNPATH_SEARCH_PATHS = "$(inherited) @executable_path/Frameworks";
				PRODUCT_BUNDLE_IDENTIFIER = elit.Tamagotchi;
				PRODUCT_NAME = "$(TARGET_NAME)";
				SWIFT_VERSION = 4.0;
				TARGETED_DEVICE_FAMILY = "1,2";
			};
			name = Release;
		};
		EAF67C941FC047CA0094C670 /* Debug */ = {
			isa = XCBuildConfiguration;
			buildSettings = {
				ALWAYS_EMBED_SWIFT_STANDARD_LIBRARIES = YES;
				BUNDLE_LOADER = "$(TEST_HOST)";
				CODE_SIGN_STYLE = Automatic;
				INFOPLIST_FILE = TamagotchiTests/Info.plist;
				LD_RUNPATH_SEARCH_PATHS = "$(inherited) @executable_path/Frameworks @loader_path/Frameworks";
				PRODUCT_BUNDLE_IDENTIFIER = elit.TamagotchiTests;
				PRODUCT_NAME = "$(TARGET_NAME)";
				SWIFT_VERSION = 4.0;
				TARGETED_DEVICE_FAMILY = "1,2";
				TEST_HOST = "$(BUILT_PRODUCTS_DIR)/Tamagotchi.app/Tamagotchi";
			};
			name = Debug;
		};
		EAF67C951FC047CA0094C670 /* Release */ = {
			isa = XCBuildConfiguration;
			buildSettings = {
				ALWAYS_EMBED_SWIFT_STANDARD_LIBRARIES = YES;
				BUNDLE_LOADER = "$(TEST_HOST)";
				CODE_SIGN_STYLE = Automatic;
				INFOPLIST_FILE = TamagotchiTests/Info.plist;
				LD_RUNPATH_SEARCH_PATHS = "$(inherited) @executable_path/Frameworks @loader_path/Frameworks";
				PRODUCT_BUNDLE_IDENTIFIER = elit.TamagotchiTests;
				PRODUCT_NAME = "$(TARGET_NAME)";
				SWIFT_VERSION = 4.0;
				TARGETED_DEVICE_FAMILY = "1,2";
				TEST_HOST = "$(BUILT_PRODUCTS_DIR)/Tamagotchi.app/Tamagotchi";
			};
			name = Release;
		};
		EAF67C971FC047CA0094C670 /* Debug */ = {
			isa = XCBuildConfiguration;
			buildSettings = {
				ALWAYS_EMBED_SWIFT_STANDARD_LIBRARIES = YES;
				CODE_SIGN_STYLE = Automatic;
				INFOPLIST_FILE = TamagotchiUITests/Info.plist;
				LD_RUNPATH_SEARCH_PATHS = "$(inherited) @executable_path/Frameworks @loader_path/Frameworks";
				PRODUCT_BUNDLE_IDENTIFIER = elit.TamagotchiUITests;
				PRODUCT_NAME = "$(TARGET_NAME)";
				SWIFT_VERSION = 4.0;
				TARGETED_DEVICE_FAMILY = "1,2";
				TEST_TARGET_NAME = Tamagotchi;
			};
			name = Debug;
		};
		EAF67C981FC047CA0094C670 /* Release */ = {
			isa = XCBuildConfiguration;
			buildSettings = {
				ALWAYS_EMBED_SWIFT_STANDARD_LIBRARIES = YES;
				CODE_SIGN_STYLE = Automatic;
				INFOPLIST_FILE = TamagotchiUITests/Info.plist;
				LD_RUNPATH_SEARCH_PATHS = "$(inherited) @executable_path/Frameworks @loader_path/Frameworks";
				PRODUCT_BUNDLE_IDENTIFIER = elit.TamagotchiUITests;
				PRODUCT_NAME = "$(TARGET_NAME)";
				SWIFT_VERSION = 4.0;
				TARGETED_DEVICE_FAMILY = "1,2";
				TEST_TARGET_NAME = Tamagotchi;
			};
			name = Release;
		};
/* End XCBuildConfiguration section */

/* Begin XCConfigurationList section */
		EAF67C631FC047CA0094C670 /* Build configuration list for PBXProject "Tamagotchi" */ = {
			isa = XCConfigurationList;
			buildConfigurations = (
				EAF67C8E1FC047CA0094C670 /* Debug */,
				EAF67C8F1FC047CA0094C670 /* Release */,
			);
			defaultConfigurationIsVisible = 0;
			defaultConfigurationName = Release;
		};
		EAF67C901FC047CA0094C670 /* Build configuration list for PBXNativeTarget "Tamagotchi" */ = {
			isa = XCConfigurationList;
			buildConfigurations = (
				EAF67C911FC047CA0094C670 /* Debug */,
				EAF67C921FC047CA0094C670 /* Release */,
			);
			defaultConfigurationIsVisible = 0;
			defaultConfigurationName = Release;
		};
		EAF67C931FC047CA0094C670 /* Build configuration list for PBXNativeTarget "TamagotchiTests" */ = {
			isa = XCConfigurationList;
			buildConfigurations = (
				EAF67C941FC047CA0094C670 /* Debug */,
				EAF67C951FC047CA0094C670 /* Release */,
			);
			defaultConfigurationIsVisible = 0;
			defaultConfigurationName = Release;
		};
		EAF67C961FC047CA0094C670 /* Build configuration list for PBXNativeTarget "TamagotchiUITests" */ = {
			isa = XCConfigurationList;
			buildConfigurations = (
				EAF67C971FC047CA0094C670 /* Debug */,
				EAF67C981FC047CA0094C670 /* Release */,
			);
			defaultConfigurationIsVisible = 0;
			defaultConfigurationName = Release;
		};
/* End XCConfigurationList section */
	};
	rootObject = EAF67C601FC047CA0094C670 /* Project object */;
}
